{
  "lockfile_version": "1",
  "packages": {
    "github:NixOS/nixpkgs/nixpkgs-unstable": {
      "last_modified": "2026-01-20T02:11:35Z",
      "resolved": "github:NixOS/nixpkgs/ed142ab1b3a092c4d149245d0c4126a5d7ea00b0?lastModified=1768875095"
    },
    "uv@latest": {
      "last_modified": "2026-01-19T00:39:23Z",
      "resolved": "github:NixOS/nixpkgs/bde09022887110deb780067364a0818e89258968#uv",
      "source": "devbox-search",
      "version": "0.9.26",
      "systems": {
        "aarch64-darwin": {
          "outputs": [
            {
              "name": "out",
              "path": "/nix/store/991jgkc1kpg7w14l8bmc20yyp7hnwamd-uv-0.9.26",
              "default": true
            }
          ],
          "store_path": "/nix/store/991jgkc1kpg7w14l8bmc20yyp7hnwamd-uv-0.9.26"
        },
        "aarch64-linux": {
          "outputs": [
            {
              "name": "out",
              "path": "/nix/store/y35q55agb16ydq6496s01mqmjwrgqgk6-uv-0.9.26",
              "default": true
            }
          ],
          "store_path": "/nix/store/y35q55agb16ydq6496s01mqmjwrgqgk6-uv-0.9.26"
        },
        "x86_64-darwin": {
          "outputs": [
            {
              "name": "out",
              "path": "/nix/store/d4i7k54k1sk7f6wnsq31700j6mfch39q-uv-0.9.26",
              "default": true
            }
          ],
          "store_path": "/nix/store/d4i7k54k1sk7f6wnsq31700j6mfch39q-uv-0.9.26"
        },
        "x86_64-linux": {
          "outputs": [
            {
              "name": "out",
              "path": "/nix/store/arj23552j8w9k5wqhbs1gn2m4pd7skbm-uv-0.9.26",
              "default": true
            }
          ],
          "store_path": "/nix/store/arj23552j8w9k5wqhbs1gn2m4pd7skbm-uv-0.9.26"
        }
      }
    }
  }
}
